
Microsoft Visual Studio Solution File, Format Version 12.00
# Visual Studio Version 17
VisualStudioVersion = 17.12.35527.113
MinimumVisualStudioVersion = 10.0.40219.1
Project("{FAE04EC0-301F-11D3-BF4B-00C04F79EFBC}") = "Yape.WcfService", "Yape.WcfService\Yape.WcfService.csproj", "{99EC17E0-A17F-460D-9396-F27DD8D7A4F3}"
EndProject
Project("{2150E333-8FDC-42A3-9474-1A3956D46DE8}") = "Src", "Src", "{118CF651-08A0-4B34-AD6A-3C6FC39CA80B}"
EndProject
Project("{2150E333-8FDC-42A3-9474-1A3956D46DE8}") = "External", "External", "{8EF82FE8-2E31-4D86-AAB5-7307FF79EA25}"
EndProject
Project("{2150E333-8FDC-42A3-9474-1A3956D46DE8}") = "Core", "Core", "{D17443FE-9DF4-40E2-AC57-988BAD503007}"
EndProject
Project("{FAE04EC0-301F-11D3-BF4B-00C04F79EFBC}") = "Yape.Entities", "Yape.Entities\Yape.Entities.csproj", "{DDD8B2C4-BFFD-4FF0-8DFE-CEDA2B707B08}"
EndProject
Project("{FAE04EC0-301F-11D3-BF4B-00C04F79EFBC}") = "Yape.Ports", "Yape.Ports\Yape.Ports.csproj", "{D13178F4-4B5E-4B90-B85A-135690A8A1FF}"
EndProject
Project("{2150E333-8FDC-42A3-9474-1A3956D46DE8}") = "Adapters", "Adapters", "{35C0AFC2-B085-4CA0-955D-48DEBC716238}"
EndProject
Project("{FAE04EC0-301F-11D3-BF4B-00C04F79EFBC}") = "Yape.Adapters", "Yape.Adapters\Yape.Adapters.csproj", "{704CA325-68A9-44C8-947A-0FF0312934DD}"
EndProject
Project("{FAE04EC0-301F-11D3-BF4B-00C04F79EFBC}") = "Yape.Services", "Yape.Services\Yape.Services.csproj", "{811AB196-4247-47C4-BC1A-3EABF2CA2D44}"
EndProject
Project("{2150E333-8FDC-42A3-9474-1A3956D46DE8}") = "Ports", "Ports", "{909765BC-50B9-4908-B39A-9A0DC3BDDCC5}"
EndProject
Global
	GlobalSection(SolutionConfigurationPlatforms) = preSolution
		Debug|Any CPU = Debug|Any CPU
		Release|Any CPU = Release|Any CPU
	EndGlobalSection
	GlobalSection(ProjectConfigurationPlatforms) = postSolution
		{99EC17E0-A17F-460D-9396-F27DD8D7A4F3}.Debug|Any CPU.ActiveCfg = Debug|Any CPU
		{99EC17E0-A17F-460D-9396-F27DD8D7A4F3}.Debug|Any CPU.Build.0 = Debug|Any CPU
		{99EC17E0-A17F-460D-9396-F27DD8D7A4F3}.Release|Any CPU.ActiveCfg = Release|Any CPU
		{99EC17E0-A17F-460D-9396-F27DD8D7A4F3}.Release|Any CPU.Build.0 = Release|Any CPU
		{DDD8B2C4-BFFD-4FF0-8DFE-CEDA2B707B08}.Debug|Any CPU.ActiveCfg = Debug|Any CPU
		{DDD8B2C4-BFFD-4FF0-8DFE-CEDA2B707B08}.Debug|Any CPU.Build.0 = Debug|Any CPU
		{DDD8B2C4-BFFD-4FF0-8DFE-CEDA2B707B08}.Release|Any CPU.ActiveCfg = Release|Any CPU
		{DDD8B2C4-BFFD-4FF0-8DFE-CEDA2B707B08}.Release|Any CPU.Build.0 = Release|Any CPU
		{D13178F4-4B5E-4B90-B85A-135690A8A1FF}.Debug|Any CPU.ActiveCfg = Debug|Any CPU
		{D13178F4-4B5E-4B90-B85A-135690A8A1FF}.Debug|Any CPU.Build.0 = Debug|Any CPU
		{D13178F4-4B5E-4B90-B85A-135690A8A1FF}.Release|Any CPU.ActiveCfg = Release|Any CPU
		{D13178F4-4B5E-4B90-B85A-135690A8A1FF}.Release|Any CPU.Build.0 = Release|Any CPU
		{704CA325-68A9-44C8-947A-0FF0312934DD}.Debug|Any CPU.ActiveCfg = Debug|Any CPU
		{704CA325-68A9-44C8-947A-0FF0312934DD}.Debug|Any CPU.Build.0 = Debug|Any CPU
		{704CA325-68A9-44C8-947A-0FF0312934DD}.Release|Any CPU.ActiveCfg = Release|Any CPU
		{704CA325-68A9-44C8-947A-0FF0312934DD}.Release|Any CPU.Build.0 = Release|Any CPU
		{811AB196-4247-47C4-BC1A-3EABF2CA2D44}.Debug|Any CPU.ActiveCfg = Debug|Any CPU
		{811AB196-4247-47C4-BC1A-3EABF2CA2D44}.Debug|Any CPU.Build.0 = Debug|Any CPU
		{811AB196-4247-47C4-BC1A-3EABF2CA2D44}.Release|Any CPU.ActiveCfg = Release|Any CPU
		{811AB196-4247-47C4-BC1A-3EABF2CA2D44}.Release|Any CPU.Build.0 = Release|Any CPU
	EndGlobalSection
	GlobalSection(SolutionProperties) = preSolution
		HideSolutionNode = FALSE
	EndGlobalSection
	GlobalSection(NestedProjects) = preSolution
		{99EC17E0-A17F-460D-9396-F27DD8D7A4F3} = {8EF82FE8-2E31-4D86-AAB5-7307FF79EA25}
		{D17443FE-9DF4-40E2-AC57-988BAD503007} = {118CF651-08A0-4B34-AD6A-3C6FC39CA80B}
		{DDD8B2C4-BFFD-4FF0-8DFE-CEDA2B707B08} = {D17443FE-9DF4-40E2-AC57-988BAD503007}
		{D13178F4-4B5E-4B90-B85A-135690A8A1FF} = {909765BC-50B9-4908-B39A-9A0DC3BDDCC5}
		{35C0AFC2-B085-4CA0-955D-48DEBC716238} = {118CF651-08A0-4B34-AD6A-3C6FC39CA80B}
		{704CA325-68A9-44C8-947A-0FF0312934DD} = {35C0AFC2-B085-4CA0-955D-48DEBC716238}
		{811AB196-4247-47C4-BC1A-3EABF2CA2D44} = {D17443FE-9DF4-40E2-AC57-988BAD503007}
		{909765BC-50B9-4908-B39A-9A0DC3BDDCC5} = {118CF651-08A0-4B34-AD6A-3C6FC39CA80B}
	EndGlobalSection
EndGlobal
